schema: '2.0'
stages:
  join:
    cmd: "lyscripts data join --inputs 2021-usz-oropharynx/data.csv 2021-clb-oropharynx/data.csv
      2023-isb-multisite/data.csv 2023-clb-multisite/data.csv 2024-hvh-oropharynx/data.csv
      data/UMC.csv data/USZ2.csv --output data/joined.csv\n"
    deps:
    - path: 2021-clb-oropharynx/data.csv
      hash: md5
      md5: af05aeaa3fea122dd718b3dd9c6a22b1
      size: 92744
    - path: 2021-usz-oropharynx/data.csv
      hash: md5
      md5: a9e4043ed6a273c609fa16523bcae455
      size: 166966
    - path: 2023-clb-multisite/data.csv
      hash: md5
      md5: 2ba19b79a80bf72f444dfe79a5165dc0
      size: 113116
    - path: 2023-isb-multisite/data.csv
      hash: md5
      md5: 24c25eedd6a832e595b12bd6b822a25c
      size: 204462
    - path: 2024-hvh-oropharynx/data.csv
      hash: md5
      md5: 7baa8021efbff0126fcf297e52106168
      size: 82567
    - path: data/UMC.csv
      hash: md5
      md5: ad3a40b76174aa3b7d1a4a6e1a1bebf8
      size: 309194
    - path: data/USZ2.csv
      hash: md5
      md5: 5881f048dae854da7312945d1417f3ec
      size: 212402
    outs:
    - path: data/joined.csv
      hash: md5
      md5: 3763b23593cc9539e1c0b055f35c0ace
      size: 1821171
  enhance:
    cmd: "lyscripts data enhance data/joined.csv data/enhanced.csv --modalities CT
      MRI PET FNA diagnostic_consensus pathology pCT\n"
    deps:
    - path: data/joined.csv
      hash: md5
      md5: 3763b23593cc9539e1c0b055f35c0ace
      size: 1821171
    params:
      params.yaml:
        modalities:
          CT:
          - 0.76
          - 0.81
          MRI:
          - 0.63
          - 0.81
          PET:
          - 0.86
          - 0.79
          FNA:
          - 0.98
          - 0.8
          diagnostic_consensus:
          - 0.86
          - 0.81
          pathology:
          - 1.0
          - 1.0
          pCT:
          - 0.86
          - 0.81
          max_llh:
          - 1.0
          - 1.0
    outs:
    - path: data/enhanced.csv
      hash: md5
      md5: a2b8b42e05f122a7c7daea9eaa6ef76e
      size: 2210944
  filter:
    cmd: "python scripts/filter_and_reduce.py --input data/enhanced.csv --output data/filtered_2_comp_no_VI_VII.csv\n"
    deps:
    - path: data/enhanced.csv
      hash: md5
      md5: a2b8b42e05f122a7c7daea9eaa6ef76e
      size: 2210944
    - path: scripts/filter_and_reduce.py
      hash: md5
      md5: 66bfc86c80f969f6e983268840696b74
      size: 5062
    params:
      params.yaml:
        general:
          data: data/filtered_3_comp_no_VI_VII.csv
          data_folder: data
          metrics: metrics.json
          plots_dir: plots
          history_dir: histories
    outs:
    - path: data/filtered_2_comp_no_VI_VII.csv
      hash: md5
      md5: 00be6380e31bbb502e113beb6e24499c
      size: 1058261
  fitting:
    cmd: "lyscripts mixture_fit -i data/filtered_3_comp_no_VI_VII.csv\n"
    deps:
    - path: data/filtered_3_comp_no_VI_VII.csv
      hash: md5
      md5: 7dd851590e8d3c3fbe1980dce0d4db9a
      size: 1366123
    params:
      params.yaml:
        em:
          seed: 42
        general:
          data: data/filtered_3_comp_no_VI_VII.csv
          data_folder: data
          metrics: metrics.json
          plots_dir: plots
          history_dir: histories
        graph:
          tumor:
            primary:
            - I
            - II
            - III
            - IV
            - V
          lnl:
            I:
            - II
            II:
            - III
            III:
            - IV
            IV:
            - V
            V: []
        modalities:
          CT:
          - 0.76
          - 0.81
          MRI:
          - 0.63
          - 0.81
          PET:
          - 0.86
          - 0.79
          FNA:
          - 0.98
          - 0.8
          diagnostic_consensus:
          - 0.86
          - 0.81
          pathology:
          - 1.0
          - 1.0
          pCT:
          - 0.86
          - 0.81
          max_llh:
          - 1.0
          - 1.0
        model:
          class: Unilateral
          side: ipsi
          distributions:
            early:
              frozen: binomial
              max_time: 10
              kwargs:
                p: 0.3
            late:
              parametric: binomial
              max_time: 10
          num_components: 3
          likelihood_tolerance: 0.001
          kwargs:
  plot-mixture-matrix:
    cmd: "lyscripts plot mixture_plot --input histories/mixture_coef.csv --output
      plots/mixture_matrix_3_comp_no_VI_VII.png\n"
    deps:
    - path: histories
      hash: md5
      md5: f124d9409b042fe5ef69bd07a1353224.dir
      size: 4653314500
      nfiles: 15
    outs:
    - path: plots/mixture_matrix_3_comp_no_VI_VII.png
      hash: md5
      md5: 28bf1c1115c1c364da782e7021d82e82
      size: 48540
    - path: plots/mixture_matrix_3_comp_no_VI_VII.svg
      hash: md5
      md5: dc7f4052369868e32b6369400e6ee993
      size: 35474
  plot-simplex:
    cmd: "lyscripts plot simplex_plot --input histories/mixture_coef.csv --output
      plots/simplex_3_comp_no_VI_VII.png\n"
    deps:
    - path: histories
      hash: md5
      md5: f124d9409b042fe5ef69bd07a1353224.dir
      size: 4653314500
      nfiles: 15
    params:
      params.yaml:
        general:
          data: data/filtered_3_comp_no_VI_VII.csv
          data_folder: data
          metrics: metrics.json
          plots_dir: plots
          history_dir: histories
    outs:
    - path: plots/simplex_3_comp_no_VI_VII.png
      hash: md5
      md5: 244c02e384e9aa4524ccf793b1847b38
      size: 81657
    - path: plots/simplex_3_comp_no_VI_VII.svg
      hash: md5
      md5: a6a66dd86d201ad1affe392fda02a702
      size: 60530
  sample-params:
    cmd: "lyscripts mixture_sample --mixture_coefs histories/mixture_coef.csv --model_params
      histories/params.csv --mode fixed_mixture -d data/filtered_3_comp_no_VI_VII.csv
      -o histories/\n"
    params:
      params.yaml:
        general:
          data: data/filtered_3_comp_no_VI_VII.csv
          data_folder: data
          metrics: metrics.json
          plots_dir: plots
          history_dir: histories
        graph:
          tumor:
            primary:
            - I
            - II
            - III
            - IV
            - V
          lnl:
            I:
            - II
            II:
            - III
            III:
            - IV
            IV:
            - V
            V: []
        modalities:
          CT:
          - 0.76
          - 0.81
          MRI:
          - 0.63
          - 0.81
          PET:
          - 0.86
          - 0.79
          FNA:
          - 0.98
          - 0.8
          diagnostic_consensus:
          - 0.86
          - 0.81
          pathology:
          - 1.0
          - 1.0
          pCT:
          - 0.86
          - 0.81
          max_llh:
          - 1.0
          - 1.0
        model:
          class: Unilateral
          side: ipsi
          distributions:
            early:
              frozen: binomial
              max_time: 10
              kwargs:
                p: 0.3
            late:
              parametric: binomial
              max_time: 10
          num_components: 3
          likelihood_tolerance: 0.001
          kwargs:
        sampling:
          steps: 35000
  plot-sampling:
    cmd: "lyscripts plot mixture_sampling_plotter --input histories/fixed_latent.hdf5
      --output plots/sampling_3_comp --mode fixed_mixture -d data/filtered_3_comp_no_VI_VII.csv
      --model_params histories/params.csv --size 400\n"
    deps:
    - path: histories/fixed_latent.hdf5
      hash: md5
      md5: 4c15e82c3e99f9ab833a0cbbf7d8eaac
      size: 976321224
    params:
      params.yaml:
        general:
          data: data/filtered_3_comp_no_VI_VII.csv
          data_folder: data
          metrics: metrics.json
          plots_dir: plots
          history_dir: histories
        graph:
          tumor:
            primary:
            - I
            - II
            - III
            - IV
            - V
          lnl:
            I:
            - II
            II:
            - III
            III:
            - IV
            IV:
            - V
            V: []
        model:
          class: Unilateral
          side: ipsi
          distributions:
            early:
              frozen: binomial
              max_time: 10
              kwargs:
                p: 0.3
            late:
              parametric: binomial
              max_time: 10
          num_components: 3
          likelihood_tolerance: 0.001
          kwargs:
  sample-params2:
    cmd: "lyscripts mixture_sample --model_params histories/params.csv --mode fixed_latent
      --mixture_coefs histories/mixture_coef.csv -d data/filtered_3_comp_no_VI_VII.csv
      -o histories/\n"
    params:
      params.yaml:
        general:
          data: data/filtered_3_comp_no_VI_VII.csv
          data_folder: data
          metrics: metrics.json
          plots_dir: plots
          history_dir: histories
        graph:
          tumor:
            primary:
            - I
            - II
            - III
            - IV
            - V
          lnl:
            I:
            - II
            II:
            - III
            III:
            - IV
            IV:
            - V
            V: []
        modalities:
          CT:
          - 0.76
          - 0.81
          MRI:
          - 0.63
          - 0.81
          PET:
          - 0.86
          - 0.79
          FNA:
          - 0.98
          - 0.8
          diagnostic_consensus:
          - 0.86
          - 0.81
          pathology:
          - 1.0
          - 1.0
          pCT:
          - 0.86
          - 0.81
          max_llh:
          - 1.0
          - 1.0
        model:
          class: Unilateral
          side: ipsi
          distributions:
            early:
              frozen: binomial
              max_time: 10
              kwargs:
                p: 0.3
            late:
              parametric: binomial
              max_time: 10
          num_components: 3
          likelihood_tolerance: 0.001
          kwargs:
        sampling:
          steps: 35000
